// !$*UTF8*$!
{
	archiveVersion = 1;
	classes = {
	};
	objectVersion = 50;
	objects = {

/* Begin PBXBuildFile section */
		0A79195CD3DB7BFADF9DD9CE /* Pods_Maths.framework in Frameworks */ = {isa = PBXBuildFile; fileRef = 09A5BF9AAEE853836154DA93 /* Pods_Maths.framework */; };
		C1A299B520D52578007CE71C /* BasicsExponentModel.swift in Sources */ = {isa = PBXBuildFile; fileRef = C1A299B420D52578007CE71C /* BasicsExponentModel.swift */; };
		C1C2B1D520C840E000C1D89B /* AppDelegate.swift in Sources */ = {isa = PBXBuildFile; fileRef = C1C2B1D420C840E000C1D89B /* AppDelegate.swift */; };
		C1C2B1D720C840E000C1D89B /* StartViewController.swift in Sources */ = {isa = PBXBuildFile; fileRef = C1C2B1D620C840E000C1D89B /* StartViewController.swift */; };
		C1C2B1DA20C840E000C1D89B /* Main.storyboard in Resources */ = {isa = PBXBuildFile; fileRef = C1C2B1D820C840E000C1D89B /* Main.storyboard */; };
		C1C2B1DC20C840E200C1D89B /* Assets.xcassets in Resources */ = {isa = PBXBuildFile; fileRef = C1C2B1DB20C840E200C1D89B /* Assets.xcassets */; };
		C1C2B1DF20C840E200C1D89B /* LaunchScreen.storyboard in Resources */ = {isa = PBXBuildFile; fileRef = C1C2B1DD20C840E200C1D89B /* LaunchScreen.storyboard */; };
		C1C2B1EA20C840E200C1D89B /* MathsTests.swift in Sources */ = {isa = PBXBuildFile; fileRef = C1C2B1E920C840E200C1D89B /* MathsTests.swift */; };
		C1C2B1F520C840E200C1D89B /* MathsUITests.swift in Sources */ = {isa = PBXBuildFile; fileRef = C1C2B1F420C840E200C1D89B /* MathsUITests.swift */; };
		C1C2B20320C8434900C1D89B /* StartButton.swift in Sources */ = {isa = PBXBuildFile; fileRef = C1C2B20220C8434900C1D89B /* StartButton.swift */; };
		C1C2B20520C844B900C1D89B /* CGFloat+Extensions.swift in Sources */ = {isa = PBXBuildFile; fileRef = C1C2B20420C844B900C1D89B /* CGFloat+Extensions.swift */; };
		C1C2B20720C8477400C1D89B /* BasicsViewController.swift in Sources */ = {isa = PBXBuildFile; fileRef = C1C2B20620C8477400C1D89B /* BasicsViewController.swift */; };
		C1C2B20920C8479F00C1D89B /* BasicsItemStore.swift in Sources */ = {isa = PBXBuildFile; fileRef = C1C2B20820C8479F00C1D89B /* BasicsItemStore.swift */; };
		C1C2B20B20C84AA700C1D89B /* ExponentRulesViewController.swift in Sources */ = {isa = PBXBuildFile; fileRef = C1C2B20A20C84AA700C1D89B /* ExponentRulesViewController.swift */; };
		C1C2B25020CD441800C1D89B /* LogRulesViewController.swift in Sources */ = {isa = PBXBuildFile; fileRef = C1C2B24F20CD441800C1D89B /* LogRulesViewController.swift */; };
		C1C2B25220CD70A400C1D89B /* TrigonometryViewController.swift in Sources */ = {isa = PBXBuildFile; fileRef = C1C2B25120CD70A400C1D89B /* TrigonometryViewController.swift */; };
/* End PBXBuildFile section */

/* Begin PBXContainerItemProxy section */
		C1C2B1E620C840E200C1D89B /* PBXContainerItemProxy */ = {
			isa = PBXContainerItemProxy;
			containerPortal = C1C2B1C920C840E000C1D89B /* Project object */;
			proxyType = 1;
			remoteGlobalIDString = C1C2B1D020C840E000C1D89B;
			remoteInfo = Maths;
		};
		C1C2B1F120C840E200C1D89B /* PBXContainerItemProxy */ = {
			isa = PBXContainerItemProxy;
			containerPortal = C1C2B1C920C840E000C1D89B /* Project object */;
			proxyType = 1;
			remoteGlobalIDString = C1C2B1D020C840E000C1D89B;
			remoteInfo = Maths;
		};
/* End PBXContainerItemProxy section */

/* Begin PBXFileReference section */
		09A5BF9AAEE853836154DA93 /* Pods_Maths.framework */ = {isa = PBXFileReference; explicitFileType = wrapper.framework; includeInIndex = 0; path = Pods_Maths.framework; sourceTree = BUILT_PRODUCTS_DIR; };
		C1A299B420D52578007CE71C /* BasicsExponentModel.swift */ = {isa = PBXFileReference; lastKnownFileType = sourcecode.swift; path = BasicsExponentModel.swift; sourceTree = "<group>"; };
		C1C2B1D120C840E000C1D89B /* Maths.app */ = {isa = PBXFileReference; explicitFileType = wrapper.application; includeInIndex = 0; path = Maths.app; sourceTree = BUILT_PRODUCTS_DIR; };
		C1C2B1D420C840E000C1D89B /* AppDelegate.swift */ = {isa = PBXFileReference; lastKnownFileType = sourcecode.swift; path = AppDelegate.swift; sourceTree = "<group>"; };
		C1C2B1D620C840E000C1D89B /* StartViewController.swift */ = {isa = PBXFileReference; lastKnownFileType = sourcecode.swift; path = StartViewController.swift; sourceTree = "<group>"; };
		C1C2B1D920C840E000C1D89B /* Base */ = {isa = PBXFileReference; lastKnownFileType = file.storyboard; name = Base; path = Base.lproj/Main.storyboard; sourceTree = "<group>"; };
		C1C2B1DB20C840E200C1D89B /* Assets.xcassets */ = {isa = PBXFileReference; lastKnownFileType = folder.assetcatalog; path = Assets.xcassets; sourceTree = "<group>"; };
		C1C2B1DE20C840E200C1D89B /* Base */ = {isa = PBXFileReference; lastKnownFileType = file.storyboard; name = Base; path = Base.lproj/LaunchScreen.storyboard; sourceTree = "<group>"; };
		C1C2B1E020C840E200C1D89B /* Info.plist */ = {isa = PBXFileReference; lastKnownFileType = text.plist.xml; path = Info.plist; sourceTree = "<group>"; };
		C1C2B1E520C840E200C1D89B /* MathsTests.xctest */ = {isa = PBXFileReference; explicitFileType = wrapper.cfbundle; includeInIndex = 0; path = MathsTests.xctest; sourceTree = BUILT_PRODUCTS_DIR; };
		C1C2B1E920C840E200C1D89B /* MathsTests.swift */ = {isa = PBXFileReference; lastKnownFileType = sourcecode.swift; path = MathsTests.swift; sourceTree = "<group>"; };
		C1C2B1EB20C840E200C1D89B /* Info.plist */ = {isa = PBXFileReference; lastKnownFileType = text.plist.xml; path = Info.plist; sourceTree = "<group>"; };
		C1C2B1F020C840E200C1D89B /* MathsUITests.xctest */ = {isa = PBXFileReference; explicitFileType = wrapper.cfbundle; includeInIndex = 0; path = MathsUITests.xctest; sourceTree = BUILT_PRODUCTS_DIR; };
		C1C2B1F420C840E200C1D89B /* MathsUITests.swift */ = {isa = PBXFileReference; lastKnownFileType = sourcecode.swift; path = MathsUITests.swift; sourceTree = "<group>"; };
		C1C2B1F620C840E200C1D89B /* Info.plist */ = {isa = PBXFileReference; lastKnownFileType = text.plist.xml; path = Info.plist; sourceTree = "<group>"; };
		C1C2B20220C8434900C1D89B /* StartButton.swift */ = {isa = PBXFileReference; lastKnownFileType = sourcecode.swift; path = StartButton.swift; sourceTree = "<group>"; };
		C1C2B20420C844B900C1D89B /* CGFloat+Extensions.swift */ = {isa = PBXFileReference; lastKnownFileType = sourcecode.swift; path = "CGFloat+Extensions.swift"; sourceTree = "<group>"; };
		C1C2B20620C8477400C1D89B /* BasicsViewController.swift */ = {isa = PBXFileReference; lastKnownFileType = sourcecode.swift; path = BasicsViewController.swift; sourceTree = "<group>"; };
		C1C2B20820C8479F00C1D89B /* BasicsItemStore.swift */ = {isa = PBXFileReference; lastKnownFileType = sourcecode.swift; path = BasicsItemStore.swift; sourceTree = "<group>"; };
		C1C2B20A20C84AA700C1D89B /* ExponentRulesViewController.swift */ = {isa = PBXFileReference; lastKnownFileType = sourcecode.swift; path = ExponentRulesViewController.swift; sourceTree = "<group>"; };
		C1C2B24F20CD441800C1D89B /* LogRulesViewController.swift */ = {isa = PBXFileReference; lastKnownFileType = sourcecode.swift; path = LogRulesViewController.swift; sourceTree = "<group>"; };
		C1C2B25120CD70A400C1D89B /* TrigonometryViewController.swift */ = {isa = PBXFileReference; lastKnownFileType = sourcecode.swift; path = TrigonometryViewController.swift; sourceTree = "<group>"; };
		DB6375EDC89B85F76B62F3F2 /* Pods-Maths.release.xcconfig */ = {isa = PBXFileReference; includeInIndex = 1; lastKnownFileType = text.xcconfig; name = "Pods-Maths.release.xcconfig"; path = "Pods/Target Support Files/Pods-Maths/Pods-Maths.release.xcconfig"; sourceTree = "<group>"; };
		FBC0D0395E89C39B527E7616 /* Pods-Maths.debug.xcconfig */ = {isa = PBXFileReference; includeInIndex = 1; lastKnownFileType = text.xcconfig; name = "Pods-Maths.debug.xcconfig"; path = "Pods/Target Support Files/Pods-Maths/Pods-Maths.debug.xcconfig"; sourceTree = "<group>"; };
/* End PBXFileReference section */

/* Begin PBXFrameworksBuildPhase section */
		C1C2B1CE20C840E000C1D89B /* Frameworks */ = {
			isa = PBXFrameworksBuildPhase;
			buildActionMask = 2147483647;
			files = (
				0A79195CD3DB7BFADF9DD9CE /* Pods_Maths.framework in Frameworks */,
			);
			runOnlyForDeploymentPostprocessing = 0;
		};
		C1C2B1E220C840E200C1D89B /* Frameworks */ = {
			isa = PBXFrameworksBuildPhase;
			buildActionMask = 2147483647;
			files = (
			);
			runOnlyForDeploymentPostprocessing = 0;
		};
		C1C2B1ED20C840E200C1D89B /* Frameworks */ = {
			isa = PBXFrameworksBuildPhase;
			buildActionMask = 2147483647;
			files = (
			);
			runOnlyForDeploymentPostprocessing = 0;
		};
/* End PBXFrameworksBuildPhase section */

/* Begin PBXGroup section */
		46A96EF1BF2AD8D108947086 /* Pods */ = {
			isa = PBXGroup;
			children = (
				FBC0D0395E89C39B527E7616 /* Pods-Maths.debug.xcconfig */,
				DB6375EDC89B85F76B62F3F2 /* Pods-Maths.release.xcconfig */,
			);
			name = Pods;
			sourceTree = "<group>";
		};
		49EEB4F0E97C8814E54E5D37 /* Frameworks */ = {
			isa = PBXGroup;
			children = (
				09A5BF9AAEE853836154DA93 /* Pods_Maths.framework */,
			);
			name = Frameworks;
			sourceTree = "<group>";
		};
		C1C2B1C820C840E000C1D89B = {
			isa = PBXGroup;
			children = (
				C1C2B1D320C840E000C1D89B /* Maths */,
				C1C2B1E820C840E200C1D89B /* MathsTests */,
				C1C2B1F320C840E200C1D89B /* MathsUITests */,
				C1C2B1D220C840E000C1D89B /* Products */,
				46A96EF1BF2AD8D108947086 /* Pods */,
				49EEB4F0E97C8814E54E5D37 /* Frameworks */,
			);
			sourceTree = "<group>";
		};
		C1C2B1D220C840E000C1D89B /* Products */ = {
			isa = PBXGroup;
			children = (
				C1C2B1D120C840E000C1D89B /* Maths.app */,
				C1C2B1E520C840E200C1D89B /* MathsTests.xctest */,
				C1C2B1F020C840E200C1D89B /* MathsUITests.xctest */,
			);
			name = Products;
			sourceTree = "<group>";
		};
		C1C2B1D320C840E000C1D89B /* Maths */ = {
			isa = PBXGroup;
			children = (
				C1C2B20420C844B900C1D89B /* CGFloat+Extensions.swift */,
				C1C2B1D420C840E000C1D89B /* AppDelegate.swift */,
				C1C2B1D620C840E000C1D89B /* StartViewController.swift */,
				C1C2B20620C8477400C1D89B /* BasicsViewController.swift */,
				C1C2B20A20C84AA700C1D89B /* ExponentRulesViewController.swift */,
				C1C2B24F20CD441800C1D89B /* LogRulesViewController.swift */,
				C1C2B25120CD70A400C1D89B /* TrigonometryViewController.swift */,
				C1C2B20820C8479F00C1D89B /* BasicsItemStore.swift */,
				C1A299B420D52578007CE71C /* BasicsExponentModel.swift */,
				C1C2B20220C8434900C1D89B /* StartButton.swift */,
				C1C2B1D820C840E000C1D89B /* Main.storyboard */,
				C1C2B1DB20C840E200C1D89B /* Assets.xcassets */,
				C1C2B1DD20C840E200C1D89B /* LaunchScreen.storyboard */,
				C1C2B1E020C840E200C1D89B /* Info.plist */,
			);
			path = Maths;
			sourceTree = "<group>";
		};
		C1C2B1E820C840E200C1D89B /* MathsTests */ = {
			isa = PBXGroup;
			children = (
				C1C2B1E920C840E200C1D89B /* MathsTests.swift */,
				C1C2B1EB20C840E200C1D89B /* Info.plist */,
			);
			path = MathsTests;
			sourceTree = "<group>";
		};
		C1C2B1F320C840E200C1D89B /* MathsUITests */ = {
			isa = PBXGroup;
			children = (
				C1C2B1F420C840E200C1D89B /* MathsUITests.swift */,
				C1C2B1F620C840E200C1D89B /* Info.plist */,
			);
			path = MathsUITests;
			sourceTree = "<group>";
		};
/* End PBXGroup section */

/* Begin PBXNativeTarget section */
		C1C2B1D020C840E000C1D89B /* Maths */ = {
			isa = PBXNativeTarget;
			buildConfigurationList = C1C2B1F920C840E200C1D89B /* Build configuration list for PBXNativeTarget "Maths" */;
			buildPhases = (
				36EC1DC82121CF8401160417 /* [CP] Check Pods Manifest.lock */,
				C1C2B1CD20C840E000C1D89B /* Sources */,
				C1C2B1CE20C840E000C1D89B /* Frameworks */,
				C1C2B1CF20C840E000C1D89B /* Resources */,
				A1F8AE7E1667B2901A940DD9 /* [CP] Embed Pods Frameworks */,
			);
			buildRules = (
			);
			dependencies = (
			);
			name = Maths;
			productName = Maths;
			productReference = C1C2B1D120C840E000C1D89B /* Maths.app */;
			productType = "com.apple.product-type.application";
		};
		C1C2B1E420C840E200C1D89B /* MathsTests */ = {
			isa = PBXNativeTarget;
			buildConfigurationList = C1C2B1FC20C840E200C1D89B /* Build configuration list for PBXNativeTarget "MathsTests" */;
			buildPhases = (
				C1C2B1E120C840E200C1D89B /* Sources */,
				C1C2B1E220C840E200C1D89B /* Frameworks */,
				C1C2B1E320C840E200C1D89B /* Resources */,
			);
			buildRules = (
			);
			dependencies = (
				C1C2B1E720C840E200C1D89B /* PBXTargetDependency */,
			);
			name = MathsTests;
			productName = MathsTests;
			productReference = C1C2B1E520C840E200C1D89B /* MathsTests.xctest */;
			productType = "com.apple.product-type.bundle.unit-test";
		};
		C1C2B1EF20C840E200C1D89B /* MathsUITests */ = {
			isa = PBXNativeTarget;
			buildConfigurationList = C1C2B1FF20C840E200C1D89B /* Build configuration list for PBXNativeTarget "MathsUITests" */;
			buildPhases = (
				C1C2B1EC20C840E200C1D89B /* Sources */,
				C1C2B1ED20C840E200C1D89B /* Frameworks */,
				C1C2B1EE20C840E200C1D89B /* Resources */,
			);
			buildRules = (
			);
			dependencies = (
				C1C2B1F220C840E200C1D89B /* PBXTargetDependency */,
			);
			name = MathsUITests;
			productName = MathsUITests;
			productReference = C1C2B1F020C840E200C1D89B /* MathsUITests.xctest */;
			productType = "com.apple.product-type.bundle.ui-testing";
		};
/* End PBXNativeTarget section */

/* Begin PBXProject section */
		C1C2B1C920C840E000C1D89B /* Project object */ = {
			isa = PBXProject;
			attributes = {
				LastSwiftUpdateCheck = 0940;
				LastUpgradeCheck = 0940;
				ORGANIZATIONNAME = Peter;
				TargetAttributes = {
					C1C2B1D020C840E000C1D89B = {
						CreatedOnToolsVersion = 9.4;
					};
					C1C2B1E420C840E200C1D89B = {
						CreatedOnToolsVersion = 9.4;
						TestTargetID = C1C2B1D020C840E000C1D89B;
					};
					C1C2B1EF20C840E200C1D89B = {
						CreatedOnToolsVersion = 9.4;
						TestTargetID = C1C2B1D020C840E000C1D89B;
					};
				};
			};
			buildConfigurationList = C1C2B1CC20C840E000C1D89B /* Build configuration list for PBXProject "Maths" */;
			compatibilityVersion = "Xcode 9.3";
			developmentRegion = en;
			hasScannedForEncodings = 0;
			knownRegions = (
				en,
				Base,
			);
			mainGroup = C1C2B1C820C840E000C1D89B;
			productRefGroup = C1C2B1D220C840E000C1D89B /* Products */;
			projectDirPath = "";
			projectRoot = "";
			targets = (
				C1C2B1D020C840E000C1D89B /* Maths */,
				C1C2B1E420C840E200C1D89B /* MathsTests */,
				C1C2B1EF20C840E200C1D89B /* MathsUITests */,
			);
		};
/* End PBXProject section */

/* Begin PBXResourcesBuildPhase section */
		C1C2B1CF20C840E000C1D89B /* Resources */ = {
			isa = PBXResourcesBuildPhase;
			buildActionMask = 2147483647;
			files = (
				C1C2B1DF20C840E200C1D89B /* LaunchScreen.storyboard in Resources */,
				C1C2B1DC20C840E200C1D89B /* Assets.xcassets in Resources */,
				C1C2B1DA20C840E000C1D89B /* Main.storyboard in Resources */,
			);
			runOnlyForDeploymentPostprocessing = 0;
		};
		C1C2B1E320C840E200C1D89B /* Resources */ = {
			isa = PBXResourcesBuildPhase;
			buildActionMask = 2147483647;
			files = (
			);
			runOnlyForDeploymentPostprocessing = 0;
		};
		C1C2B1EE20C840E200C1D89B /* Resources */ = {
			isa = PBXResourcesBuildPhase;
			buildActionMask = 2147483647;
			files = (
			);
			runOnlyForDeploymentPostprocessing = 0;
		};
/* End PBXResourcesBuildPhase section */

/* Begin PBXShellScriptBuildPhase section */
		36EC1DC82121CF8401160417 /* [CP] Check Pods Manifest.lock */ = {
			isa = PBXShellScriptBuildPhase;
			buildActionMask = 2147483647;
			files = (
			);
			inputPaths = (
				"${PODS_PODFILE_DIR_PATH}/Podfile.lock",
				"${PODS_ROOT}/Manifest.lock",
			);
			name = "[CP] Check Pods Manifest.lock";
			outputPaths = (
				"$(DERIVED_FILE_DIR)/Pods-Maths-checkManifestLockResult.txt",
			);
			runOnlyForDeploymentPostprocessing = 0;
			shellPath = /bin/sh;
			shellScript = "diff \"${PODS_PODFILE_DIR_PATH}/Podfile.lock\" \"${PODS_ROOT}/Manifest.lock\" > /dev/null\nif [ $? != 0 ] ; then\n    # print error to STDERR\n    echo \"error: The sandbox is not in sync with the Podfile.lock. Run 'pod install' or update your CocoaPods installation.\" >&2\n    exit 1\nfi\n# This output is used by Xcode 'outputs' to avoid re-running this script phase.\necho \"SUCCESS\" > \"${SCRIPT_OUTPUT_FILE_0}\"\n";
			showEnvVarsInLog = 0;
		};
		A1F8AE7E1667B2901A940DD9 /* [CP] Embed Pods Frameworks */ = {
			isa = PBXShellScriptBuildPhase;
			buildActionMask = 2147483647;
			files = (
			);
			inputPaths = (
				"${SRCROOT}/Pods/Target Support Files/Pods-Maths/Pods-Maths-frameworks.sh",
				"${BUILT_PRODUCTS_DIR}/iosMath/iosMath.framework",
			);
			name = "[CP] Embed Pods Frameworks";
			outputPaths = (
				"${TARGET_BUILD_DIR}/${FRAMEWORKS_FOLDER_PATH}/iosMath.framework",
			);
			runOnlyForDeploymentPostprocessing = 0;
			shellPath = /bin/sh;
			shellScript = "\"${SRCROOT}/Pods/Target Support Files/Pods-Maths/Pods-Maths-frameworks.sh\"\n";
			showEnvVarsInLog = 0;
		};
/* End PBXShellScriptBuildPhase section */

/* Begin PBXSourcesBuildPhase section */
		C1C2B1CD20C840E000C1D89B /* Sources */ = {
			isa = PBXSourcesBuildPhase;
			buildActionMask = 2147483647;
			files = (
				C1C2B20B20C84AA700C1D89B /* ExponentRulesViewController.swift in Sources */,
				C1C2B20320C8434900C1D89B /* StartButton.swift in Sources */,
				C1C2B20920C8479F00C1D89B /* BasicsItemStore.swift in Sources */,
				C1C2B25020CD441800C1D89B /* LogRulesViewController.swift in Sources */,
				C1C2B1D720C840E000C1D89B /* StartViewController.swift in Sources */,
				C1A299B520D52578007CE71C /* BasicsExponentModel.swift in Sources */,
				C1C2B25220CD70A400C1D89B /* TrigonometryViewController.swift in Sources */,
				C1C2B20520C844B900C1D89B /* CGFloat+Extensions.swift in Sources */,
				C1C2B1D520C840E000C1D89B /* AppDelegate.swift in Sources */,
				C1C2B20720C8477400C1D89B /* BasicsViewController.swift in Sources */,
			);
			runOnlyForDeploymentPostprocessing = 0;
		};
		C1C2B1E120C840E200C1D89B /* Sources */ = {
			isa = PBXSourcesBuildPhase;
			buildActionMask = 2147483647;
			files = (
				C1C2B1EA20C840E200C1D89B /* MathsTests.swift in Sources */,
			);
			runOnlyForDeploymentPostprocessing = 0;
		};
		C1C2B1EC20C840E200C1D89B /* Sources */ = {
			isa = PBXSourcesBuildPhase;
			buildActionMask = 2147483647;
			files = (
				C1C2B1F520C840E200C1D89B /* MathsUITests.swift in Sources */,
			);
			runOnlyForDeploymentPostprocessing = 0;
		};
/* End PBXSourcesBuildPhase section */

/* Begin PBXTargetDependency section */
		C1C2B1E720C840E200C1D89B /* PBXTargetDependency */ = {
			isa = PBXTargetDependency;
			target = C1C2B1D020C840E000C1D89B /* Maths */;
			targetProxy = C1C2B1E620C840E200C1D89B /* PBXContainerItemProxy */;
		};
		C1C2B1F220C840E200C1D89B /* PBXTargetDependency */ = {
			isa = PBXTargetDependency;
			target = C1C2B1D020C840E000C1D89B /* Maths */;
			targetProxy = C1C2B1F120C840E200C1D89B /* PBXContainerItemProxy */;
		};
/* End PBXTargetDependency section */

/* Begin PBXVariantGroup section */
		C1C2B1D820C840E000C1D89B /* Main.storyboard */ = {
			isa = PBXVariantGroup;
			children = (
				C1C2B1D920C840E000C1D89B /* Base */,
			);
			name = Main.storyboard;
			sourceTree = "<group>";
		};
		C1C2B1DD20C840E200C1D89B /* LaunchScreen.storyboard */ = {
			isa = PBXVariantGroup;
			children = (
				C1C2B1DE20C840E200C1D89B /* Base */,
			);
			name = LaunchScreen.storyboard;
			sourceTree = "<group>";
		};
/* End PBXVariantGroup section */

/* Begin XCBuildConfiguration section */
		C1C2B1F720C840E200C1D89B /* Debug */ = {
			isa = XCBuildConfiguration;
			buildSettings = {
				ALWAYS_SEARCH_USER_PATHS = NO;
				CLANG_ANALYZER_NONNULL = YES;
				CLANG_ANALYZER_NUMBER_OBJECT_CONVERSION = YES_AGGRESSIVE;
				CLANG_CXX_LANGUAGE_STANDARD = "gnu++14";
				CLANG_CXX_LIBRARY = "libc++";
				CLANG_ENABLE_MODULES = YES;
				CLANG_ENABLE_OBJC_ARC = YES;
				CLANG_ENABLE_OBJC_WEAK = YES;
				CLANG_WARN_BLOCK_CAPTURE_AUTORELEASING = YES;
				CLANG_WARN_BOOL_CONVERSION = YES;
				CLANG_WARN_COMMA = YES;
				CLANG_WARN_CONSTANT_CONVERSION = YES;
				CLANG_WARN_DEPRECATED_OBJC_IMPLEMENTATIONS = YES;
				CLANG_WARN_DIRECT_OBJC_ISA_USAGE = YES_ERROR;
				CLANG_WARN_DOCUMENTATION_COMMENTS = YES;
				CLANG_WARN_EMPTY_BODY = YES;
				CLANG_WARN_ENUM_CONVERSION = YES;
				CLANG_WARN_INFINITE_RECURSION = YES;
				CLANG_WARN_INT_CONVERSION = YES;
				CLANG_WARN_NON_LITERAL_NULL_CONVERSION = YES;
				CLANG_WARN_OBJC_IMPLICIT_RETAIN_SELF = YES;
				CLANG_WARN_OBJC_LITERAL_CONVERSION = YES;
				CLANG_WARN_OBJC_ROOT_CLASS = YES_ERROR;
				CLANG_WARN_RANGE_LOOP_ANALYSIS = YES;
				CLANG_WARN_STRICT_PROTOTYPES = YES;
				CLANG_WARN_SUSPICIOUS_MOVE = YES;
				CLANG_WARN_UNGUARDED_AVAILABILITY = YES_AGGRESSIVE;
				CLANG_WARN_UNREACHABLE_CODE = YES;
				CLANG_WARN__DUPLICATE_METHOD_MATCH = YES;
				CODE_SIGN_IDENTITY = "iPhone Developer";
				COPY_PHASE_STRIP = NO;
				DEBUG_INFORMATION_FORMAT = dwarf;
				ENABLE_STRICT_OBJC_MSGSEND = YES;
				ENABLE_TESTABILITY = YES;
				GCC_C_LANGUAGE_STANDARD = gnu11;
				GCC_DYNAMIC_NO_PIC = NO;
				GCC_NO_COMMON_BLOCKS = YES;
				GCC_OPTIMIZATION_LEVEL = 0;
				GCC_PREPROCESSOR_DEFINITIONS = (
					"DEBUG=1",
					"$(inherited)",
				);
				GCC_WARN_64_TO_32_BIT_CONVERSION = YES;
				GCC_WARN_ABOUT_RETURN_TYPE = YES_ERROR;
				GCC_WARN_UNDECLARED_SELECTOR = YES;
				GCC_WARN_UNINITIALIZED_AUTOS = YES_AGGRESSIVE;
				GCC_WARN_UNUSED_FUNCTION = YES;
				GCC_WARN_UNUSED_VARIABLE = YES;
				IPHONEOS_DEPLOYMENT_TARGET = 11.4;
				MTL_ENABLE_DEBUG_INFO = YES;
				ONLY_ACTIVE_ARCH = YES;
				SDKROOT = iphoneos;
				SWIFT_ACTIVE_COMPILATION_CONDITIONS = DEBUG;
				SWIFT_OPTIMIZATION_LEVEL = "-Onone";
			};
			name = Debug;
		};
		C1C2B1F820C840E200C1D89B /* Release */ = {
			isa = XCBuildConfiguration;
			buildSettings = {
				ALWAYS_SEARCH_USER_PATHS = NO;
				CLANG_ANALYZER_NONNULL = YES;
				CLANG_ANALYZER_NUMBER_OBJECT_CONVERSION = YES_AGGRESSIVE;
				CLANG_CXX_LANGUAGE_STANDARD = "gnu++14";
				CLANG_CXX_LIBRARY = "libc++";
				CLANG_ENABLE_MODULES = YES;
				CLANG_ENABLE_OBJC_ARC = YES;
				CLANG_ENABLE_OBJC_WEAK = YES;
				CLANG_WARN_BLOCK_CAPTURE_AUTORELEASING = YES;
				CLANG_WARN_BOOL_CONVERSION = YES;
				CLANG_WARN_COMMA = YES;
				CLANG_WARN_CONSTANT_CONVERSION = YES;
				CLANG_WARN_DEPRECATED_OBJC_IMPLEMENTATIONS = YES;
				CLANG_WARN_DIRECT_OBJC_ISA_USAGE = YES_ERROR;
				CLANG_WARN_DOCUMENTATION_COMMENTS = YES;
				CLANG_WARN_EMPTY_BODY = YES;
				CLANG_WARN_ENUM_CONVERSION = YES;
				CLANG_WARN_INFINITE_RECURSION = YES;
				CLANG_WARN_INT_CONVERSION = YES;
				CLANG_WARN_NON_LITERAL_NULL_CONVERSION = YES;
				CLANG_WARN_OBJC_IMPLICIT_RETAIN_SELF = YES;
				CLANG_WARN_OBJC_LITERAL_CONVERSION = YES;
				CLANG_WARN_OBJC_ROOT_CLASS = YES_ERROR;
				CLANG_WARN_RANGE_LOOP_ANALYSIS = YES;
				CLANG_WARN_STRICT_PROTOTYPES = YES;
				CLANG_WARN_SUSPICIOUS_MOVE = YES;
				CLANG_WARN_UNGUARDED_AVAILABILITY = YES_AGGRESSIVE;
				CLANG_WARN_UNREACHABLE_CODE = YES;
				CLANG_WARN__DUPLICATE_METHOD_MATCH = YES;
				CODE_SIGN_IDENTITY = "iPhone Developer";
				COPY_PHASE_STRIP = NO;
				DEBUG_INFORMATION_FORMAT = "dwarf-with-dsym";
				ENABLE_NS_ASSERTIONS = NO;
				ENABLE_STRICT_OBJC_MSGSEND = YES;
				GCC_C_LANGUAGE_STANDARD = gnu11;
				GCC_NO_COMMON_BLOCKS = YES;
				GCC_WARN_64_TO_32_BIT_CONVERSION = YES;
				GCC_WARN_ABOUT_RETURN_TYPE = YES_ERROR;
				GCC_WARN_UNDECLARED_SELECTOR = YES;
				GCC_WARN_UNINITIALIZED_AUTOS = YES_AGGRESSIVE;
				GCC_WARN_UNUSED_FUNCTION = YES;
				GCC_WARN_UNUSED_VARIABLE = YES;
				IPHONEOS_DEPLOYMENT_TARGET = 11.4;
				MTL_ENABLE_DEBUG_INFO = NO;
				SDKROOT = iphoneos;
				SWIFT_COMPILATION_MODE = wholemodule;
				SWIFT_OPTIMIZATION_LEVEL = "-O";
				VALIDATE_PRODUCT = YES;
			};
			name = Release;
		};
		C1C2B1FA20C840E200C1D89B /* Debug */ = {
			isa = XCBuildConfiguration;
			baseConfigurationReference = FBC0D0395E89C39B527E7616 /* Pods-Maths.debug.xcconfig */;
			buildSettings = {
				ASSETCATALOG_COMPILER_APPICON_NAME = AppIcon;
				CODE_SIGN_STYLE = Automatic;
				DEVELOPMENT_TEAM = G572WKSD6J;
				INFOPLIST_FILE = Maths/Info.plist;
				LD_RUNPATH_SEARCH_PATHS = (
					"$(inherited)",
					"@executable_path/Frameworks",
				);
				PRODUCT_BUNDLE_IDENTIFIER = com.peter.Maths;
				PRODUCT_NAME = "$(TARGET_NAME)";
				SWIFT_VERSION = 4.0;
				TARGETED_DEVICE_FAMILY = "1,2";
			};
			name = Debug;
		};
		C1C2B1FB20C840E200C1D89B /* Release */ = {
			isa = XCBuildConfiguration;
			baseConfigurationReference = DB6375EDC89B85F76B62F3F2 /* Pods-Maths.release.xcconfig */;
			buildSettings = {
				ASSETCATALOG_COMPILER_APPICON_NAME = AppIcon;
				CODE_SIGN_STYLE = Automatic;
				DEVELOPMENT_TEAM = G572WKSD6J;
				INFOPLIST_FILE = Maths/Info.plist;
				LD_RUNPATH_SEARCH_PATHS = (
					"$(inherited)",
					"@executable_path/Frameworks",
				);
				PRODUCT_BUNDLE_IDENTIFIER = com.peter.Maths;
				PRODUCT_NAME = "$(TARGET_NAME)";
				SWIFT_VERSION = 4.0;
				TARGETED_DEVICE_FAMILY = "1,2";
			};
			name = Release;
		};
		C1C2B1FD20C840E200C1D89B /* Debug */ = {
			isa = XCBuildConfiguration;
			buildSettings = {
				ALWAYS_EMBED_SWIFT_STANDARD_LIBRARIES = YES;
				BUNDLE_LOADER = "$(TEST_HOST)";
				CODE_SIGN_STYLE = Automatic;
				DEVELOPMENT_TEAM = G572WKSD6J;
				INFOPLIST_FILE = MathsTests/Info.plist;
				LD_RUNPATH_SEARCH_PATHS = (
					"$(inherited)",
					"@executable_path/Frameworks",
					"@loader_path/Frameworks",
				);
				PRODUCT_BUNDLE_IDENTIFIER = com.peter.MathsTests;
				PRODUCT_NAME = "$(TARGET_NAME)";
				SWIFT_VERSION = 4.0;
				TARGETED_DEVICE_FAMILY = "1,2";
				TEST_HOST = "$(BUILT_PRODUCTS_DIR)/Maths.app/Maths";
			};
			name = Debug;
		};
		C1C2B1FE20C840E200C1D89B /* Release */ = {
			isa = XCBuildConfiguration;
			buildSettings = {
				ALWAYS_EMBED_SWIFT_STANDARD_LIBRARIES = YES;
				BUNDLE_LOADER = "$(TEST_HOST)";
				CODE_SIGN_STYLE = Automatic;
				DEVELOPMENT_TEAM = G572WKSD6J;
				INFOPLIST_FILE = MathsTests/Info.plist;
				LD_RUNPATH_SEARCH_PATHS = (
					"$(inherited)",
					"@executable_path/Frameworks",
					"@loader_path/Frameworks",
				);
				PRODUCT_BUNDLE_IDENTIFIER = com.peter.MathsTests;
				PRODUCT_NAME = "$(TARGET_NAME)";
				SWIFT_VERSION = 4.0;
				TARGETED_DEVICE_FAMILY = "1,2";
				TEST_HOST = "$(BUILT_PRODUCTS_DIR)/Maths.app/Maths";
			};
			name = Release;
		};
		C1C2B20020C840E200C1D89B /* Debug */ = {
			isa = XCBuildConfiguration;
			buildSettings = {
				ALWAYS_EMBED_SWIFT_STANDARD_LIBRARIES = YES;
				CODE_SIGN_STYLE = Automatic;
				DEVELOPMENT_TEAM = G572WKSD6J;
				INFOPLIST_FILE = MathsUITests/Info.plist;
				LD_RUNPATH_SEARCH_PATHS = (
					"$(inherited)",
					"@executable_path/Frameworks",
					"@loader_path/Frameworks",
				);
				PRODUCT_BUNDLE_IDENTIFIER = com.peter.MathsUITests;
				PRODUCT_NAME = "$(TARGET_NAME)";
				SWIFT_VERSION = 4.0;
				TARGETED_DEVICE_FAMILY = "1,2";
				TEST_TARGET_NAME = Maths;
			};
			name = Debug;
		};
		C1C2B20120C840E200C1D89B /* Release */ = {
			isa = XCBuildConfiguration;
			buildSettings = {
				ALWAYS_EMBED_SWIFT_STANDARD_LIBRARIES = YES;
				CODE_SIGN_STYLE = Automatic;
				DEVELOPMENT_TEAM = G572WKSD6J;
				INFOPLIST_FILE = MathsUITests/Info.plist;
				LD_RUNPATH_SEARCH_PATHS = (
					"$(inherited)",
					"@executable_path/Frameworks",
					"@loader_path/Frameworks",
				);
				PRODUCT_BUNDLE_IDENTIFIER = com.peter.MathsUITests;
				PRODUCT_NAME = "$(TARGET_NAME)";
				SWIFT_VERSION = 4.0;
				TARGETED_DEVICE_FAMILY = "1,2";
				TEST_TARGET_NAME = Maths;
			};
			name = Release;
		};
/* End XCBuildConfiguration section */

/* Begin XCConfigurationList section */
		C1C2B1CC20C840E000C1D89B /* Build configuration list for PBXProject "Maths" */ = {
			isa = XCConfigurationList;
			buildConfigurations = (
				C1C2B1F720C840E200C1D89B /* Debug */,
				C1C2B1F820C840E200C1D89B /* Release */,
			);
			defaultConfigurationIsVisible = 0;
			defaultConfigurationName = Release;
		};
		C1C2B1F920C840E200C1D89B /* Build configuration list for PBXNativeTarget "Maths" */ = {
			isa = XCConfigurationList;
			buildConfigurations = (
				C1C2B1FA20C840E200C1D89B /* Debug */,
				C1C2B1FB20C840E200C1D89B /* Release */,
			);
			defaultConfigurationIsVisible = 0;
			defaultConfigurationName = Release;
		};
		C1C2B1FC20C840E200C1D89B /* Build configuration list for PBXNativeTarget "MathsTests" */ = {
			isa = XCConfigurationList;
			buildConfigurations = (
				C1C2B1FD20C840E200C1D89B /* Debug */,
				C1C2B1FE20C840E200C1D89B /* Release */,
			);
			defaultConfigurationIsVisible = 0;
			defaultConfigurationName = Release;
		};
		C1C2B1FF20C840E200C1D89B /* Build configuration list for PBXNativeTarget "MathsUITests" */ = {
			isa = XCConfigurationList;
			buildConfigurations = (
				C1C2B20020C840E200C1D89B /* Debug */,
				C1C2B20120C840E200C1D89B /* Release */,
			);
			defaultConfigurationIsVisible = 0;
			defaultConfigurationName = Release;
		};
/* End XCConfigurationList section */
	};
	rootObject = C1C2B1C920C840E000C1D89B /* Project object */;
}
